
Microsoft Visual Studio Solution File, Format Version 12.00
# Visual Studio 15
VisualStudioVersion = 15.0.26730.16
MinimumVisualStudioVersion = 10.0.40219.1
Project("{2150E333-8FDC-42A3-9474-1A3956D46DE8}") = "Creational", "Creational", "{99F34AC1-DA35-4D0A-875D-DCDD0D7A74D8}"
EndProject
Project("{FAE04EC0-301F-11D3-BF4B-00C04F79EFBC}") = "01 - Abstract Factory", "01 - Abstract Factory\01 - Abstract Factory.csproj", "{27A5C2FF-340F-41D8-B2BA-E60121194922}"
EndProject
Project("{FAE04EC0-301F-11D3-BF4B-00C04F79EFBC}") = "02 - Factory Method", "02 - Factory Method\02 - Factory Method.csproj", "{02658C02-6473-4F2A-A48E-C8211585DA01}"
EndProject
Project("{FAE04EC0-301F-11D3-BF4B-00C04F79EFBC}") = "03 - Builder", "03 - Builder\03 - Builder.csproj", "{5D27155B-91AC-485C-978E-BD0F76B41F7B}"
EndProject
Project("{FAE04EC0-301F-11D3-BF4B-00C04F79EFBC}") = "04 - Singleton", "04 - Singleton\04 - Singleton.csproj", "{B483B7BA-B1BC-48F5-BDC9-1555FFBA9872}"
EndProject
Project("{2150E333-8FDC-42A3-9474-1A3956D46DE8}") = "Structural", "Structural", "{9E05D646-18CA-4FCE-9262-F82D7C834D34}"
EndProject
Project("{FAE04EC0-301F-11D3-BF4B-00C04F79EFBC}") = "02 - Bridge", "01 - Bridge\02 - Bridge.csproj", "{7DCD513B-6B60-495F-B9BA-9D28C54DFC0A}"
EndProject
Project("{FAE04EC0-301F-11D3-BF4B-00C04F79EFBC}") = "01 - Adapter", "01 - Adapter\01 - Adapter.csproj", "{14D58E41-ACB7-4A91-AAE0-D7E1DAC06073}"
EndProject
Project("{FAE04EC0-301F-11D3-BF4B-00C04F79EFBC}") = "04 - Facade", "04 - Facade\04 - Facade.csproj", "{511739EC-2CB9-4320-AD62-6D5E7DD2FC60}"
EndProject
Project("{FAE04EC0-301F-11D3-BF4B-00C04F79EFBC}") = "03 - Composite", "03 - Composite\03 - Composite.csproj", "{0C6A87AA-DC7E-4A3F-AFB3-E42C20B9BCAF}"
EndProject
Project("{FAE04EC0-301F-11D3-BF4B-00C04F79EFBC}") = "05 - Decorator", "05 - Decorator\05 - Decorator.csproj", "{464D785F-8182-4777-BD4F-188665079D4A}"
EndProject
Project("{FAE04EC0-301F-11D3-BF4B-00C04F79EFBC}") = "06 - Flyweight", "06 - Flyweight\06 - Flyweight.csproj", "{198589AF-4B83-4AE7-81E4-2316DA10ECDA}"
EndProject
Project("{FAE04EC0-301F-11D3-BF4B-00C04F79EFBC}") = "07 - Proxy", "07 - Proxy\07 - Proxy.csproj", "{18DF5F90-895E-4571-9DFF-4C4ABEE2112A}"
EndProject
Project("{2150E333-8FDC-42A3-9474-1A3956D46DE8}") = "Behavioural", "Behavioural", "{168B2DCA-4F10-41AA-BA9E-2E6EDA718654}"
EndProject
Project("{FAE04EC0-301F-11D3-BF4B-00C04F79EFBC}") = "01 - Chain of Responsibility", "01 - Chain of Responsibility\01 - Chain of Responsibility.csproj", "{01815653-1D2F-4818-B246-7A49C46D5B89}"
EndProject
Project("{FAE04EC0-301F-11D3-BF4B-00C04F79EFBC}") = "02 - Command", "02 - Command\02 - Command.csproj", "{864445C1-1E11-4D38-AB67-E59D8377B0F0}"
EndProject
Project("{FAE04EC0-301F-11D3-BF4B-00C04F79EFBC}") = "04 - Iterator", "04 - Iterator\04 - Iterator.csproj", "{E9AAF2B4-423B-46CD-8B6F-C6C382ABCD14}"
EndProject
Project("{FAE04EC0-301F-11D3-BF4B-00C04F79EFBC}") = "05 - Mediator", "05 - Mediator\05 - Mediator.csproj", "{FAC00C2A-CB10-46AB-A523-046D5261727D}"
EndProject
Project("{FAE04EC0-301F-11D3-BF4B-00C04F79EFBC}") = "06 - Memento", "Momento\06 - Memento.csproj", "{C88BEB7C-4207-4363-866E-98C3F4CAE1A4}"
EndProject
Project("{FAE04EC0-301F-11D3-BF4B-00C04F79EFBC}") = "07 - Observer", "07 - Observer\07 - Observer.csproj", "{23367737-4799-43FB-9186-D25835780DCB}"
EndProject
Project("{FAE04EC0-301F-11D3-BF4B-00C04F79EFBC}") = "08 - State", "08 - State\08 - State.csproj", "{938C878B-97E2-4DAF-A9D3-D20DEF2593A0}"
EndProject
Project("{9A19103F-16F7-4668-BE54-9A1E7A4F7556}") = "09 - Strategy", "09 - Strategy\09 - Strategy.csproj", "{05AB07C6-F981-41E7-92A1-17F79646C826}"
EndProject
Project("{9A19103F-16F7-4668-BE54-9A1E7A4F7556}") = "10 - TemplateMethod", "10 - TemplateMethod\10 - TemplateMethod.csproj", "{FBBC766E-B8EE-4682-8905-698F17089127}"
EndProject
Project("{FAE04EC0-301F-11D3-BF4B-00C04F79EFBC}") = "11 - Visitor", "11 - Visitor\11 - Visitor.csproj", "{9720235C-E36F-4CC4-9552-0F33499E37DB}"
EndProject
Global
	GlobalSection(SolutionConfigurationPlatforms) = preSolution
		Debug|Any CPU = Debug|Any CPU
		Release|Any CPU = Release|Any CPU
	EndGlobalSection
	GlobalSection(ProjectConfigurationPlatforms) = postSolution
		{27A5C2FF-340F-41D8-B2BA-E60121194922}.Debug|Any CPU.ActiveCfg = Debug|Any CPU
		{27A5C2FF-340F-41D8-B2BA-E60121194922}.Debug|Any CPU.Build.0 = Debug|Any CPU
		{27A5C2FF-340F-41D8-B2BA-E60121194922}.Release|Any CPU.ActiveCfg = Release|Any CPU
		{27A5C2FF-340F-41D8-B2BA-E60121194922}.Release|Any CPU.Build.0 = Release|Any CPU
		{02658C02-6473-4F2A-A48E-C8211585DA01}.Debug|Any CPU.ActiveCfg = Debug|Any CPU
		{02658C02-6473-4F2A-A48E-C8211585DA01}.Debug|Any CPU.Build.0 = Debug|Any CPU
		{02658C02-6473-4F2A-A48E-C8211585DA01}.Release|Any CPU.ActiveCfg = Release|Any CPU
		{02658C02-6473-4F2A-A48E-C8211585DA01}.Release|Any CPU.Build.0 = Release|Any CPU
		{5D27155B-91AC-485C-978E-BD0F76B41F7B}.Debug|Any CPU.ActiveCfg = Debug|Any CPU
		{5D27155B-91AC-485C-978E-BD0F76B41F7B}.Debug|Any CPU.Build.0 = Debug|Any CPU
		{5D27155B-91AC-485C-978E-BD0F76B41F7B}.Release|Any CPU.ActiveCfg = Release|Any CPU
		{5D27155B-91AC-485C-978E-BD0F76B41F7B}.Release|Any CPU.Build.0 = Release|Any CPU
		{B483B7BA-B1BC-48F5-BDC9-1555FFBA9872}.Debug|Any CPU.ActiveCfg = Debug|Any CPU
		{B483B7BA-B1BC-48F5-BDC9-1555FFBA9872}.Debug|Any CPU.Build.0 = Debug|Any CPU
		{B483B7BA-B1BC-48F5-BDC9-1555FFBA9872}.Release|Any CPU.ActiveCfg = Release|Any CPU
		{B483B7BA-B1BC-48F5-BDC9-1555FFBA9872}.Release|Any CPU.Build.0 = Release|Any CPU
		{7DCD513B-6B60-495F-B9BA-9D28C54DFC0A}.Debug|Any CPU.ActiveCfg = Debug|Any CPU
		{7DCD513B-6B60-495F-B9BA-9D28C54DFC0A}.Debug|Any CPU.Build.0 = Debug|Any CPU
		{7DCD513B-6B60-495F-B9BA-9D28C54DFC0A}.Release|Any CPU.ActiveCfg = Release|Any CPU
		{7DCD513B-6B60-495F-B9BA-9D28C54DFC0A}.Release|Any CPU.Build.0 = Release|Any CPU
		{14D58E41-ACB7-4A91-AAE0-D7E1DAC06073}.Debug|Any CPU.ActiveCfg = Debug|Any CPU
		{14D58E41-ACB7-4A91-AAE0-D7E1DAC06073}.Debug|Any CPU.Build.0 = Debug|Any CPU
		{14D58E41-ACB7-4A91-AAE0-D7E1DAC06073}.Release|Any CPU.ActiveCfg = Release|Any CPU
		{14D58E41-ACB7-4A91-AAE0-D7E1DAC06073}.Release|Any CPU.Build.0 = Release|Any CPU
		{511739EC-2CB9-4320-AD62-6D5E7DD2FC60}.Debug|Any CPU.ActiveCfg = Debug|Any CPU
		{511739EC-2CB9-4320-AD62-6D5E7DD2FC60}.Debug|Any CPU.Build.0 = Debug|Any CPU
		{511739EC-2CB9-4320-AD62-6D5E7DD2FC60}.Release|Any CPU.ActiveCfg = Release|Any CPU
		{511739EC-2CB9-4320-AD62-6D5E7DD2FC60}.Release|Any CPU.Build.0 = Release|Any CPU
		{0C6A87AA-DC7E-4A3F-AFB3-E42C20B9BCAF}.Debug|Any CPU.ActiveCfg = Debug|Any CPU
		{0C6A87AA-DC7E-4A3F-AFB3-E42C20B9BCAF}.Debug|Any CPU.Build.0 = Debug|Any CPU
		{0C6A87AA-DC7E-4A3F-AFB3-E42C20B9BCAF}.Release|Any CPU.ActiveCfg = Release|Any CPU
		{0C6A87AA-DC7E-4A3F-AFB3-E42C20B9BCAF}.Release|Any CPU.Build.0 = Release|Any CPU
		{464D785F-8182-4777-BD4F-188665079D4A}.Debug|Any CPU.ActiveCfg = Debug|Any CPU
		{464D785F-8182-4777-BD4F-188665079D4A}.Debug|Any CPU.Build.0 = Debug|Any CPU
		{464D785F-8182-4777-BD4F-188665079D4A}.Release|Any CPU.ActiveCfg = Release|Any CPU
		{464D785F-8182-4777-BD4F-188665079D4A}.Release|Any CPU.Build.0 = Release|Any CPU
		{198589AF-4B83-4AE7-81E4-2316DA10ECDA}.Debug|Any CPU.ActiveCfg = Debug|Any CPU
		{198589AF-4B83-4AE7-81E4-2316DA10ECDA}.Debug|Any CPU.Build.0 = Debug|Any CPU
		{198589AF-4B83-4AE7-81E4-2316DA10ECDA}.Release|Any CPU.ActiveCfg = Release|Any CPU
		{198589AF-4B83-4AE7-81E4-2316DA10ECDA}.Release|Any CPU.Build.0 = Release|Any CPU
		{18DF5F90-895E-4571-9DFF-4C4ABEE2112A}.Debug|Any CPU.ActiveCfg = Debug|Any CPU
		{18DF5F90-895E-4571-9DFF-4C4ABEE2112A}.Debug|Any CPU.Build.0 = Debug|Any CPU
		{18DF5F90-895E-4571-9DFF-4C4ABEE2112A}.Release|Any CPU.ActiveCfg = Release|Any CPU
		{18DF5F90-895E-4571-9DFF-4C4ABEE2112A}.Release|Any CPU.Build.0 = Release|Any CPU
		{01815653-1D2F-4818-B246-7A49C46D5B89}.Debug|Any CPU.ActiveCfg = Debug|Any CPU
		{01815653-1D2F-4818-B246-7A49C46D5B89}.Debug|Any CPU.Build.0 = Debug|Any CPU
		{01815653-1D2F-4818-B246-7A49C46D5B89}.Release|Any CPU.ActiveCfg = Release|Any CPU
		{01815653-1D2F-4818-B246-7A49C46D5B89}.Release|Any CPU.Build.0 = Release|Any CPU
		{864445C1-1E11-4D38-AB67-E59D8377B0F0}.Debug|Any CPU.ActiveCfg = Debug|Any CPU
		{864445C1-1E11-4D38-AB67-E59D8377B0F0}.Debug|Any CPU.Build.0 = Debug|Any CPU
		{864445C1-1E11-4D38-AB67-E59D8377B0F0}.Release|Any CPU.ActiveCfg = Release|Any CPU
		{864445C1-1E11-4D38-AB67-E59D8377B0F0}.Release|Any CPU.Build.0 = Release|Any CPU
		{E9AAF2B4-423B-46CD-8B6F-C6C382ABCD14}.Debug|Any CPU.ActiveCfg = Debug|Any CPU
		{E9AAF2B4-423B-46CD-8B6F-C6C382ABCD14}.Debug|Any CPU.Build.0 = Debug|Any CPU
		{E9AAF2B4-423B-46CD-8B6F-C6C382ABCD14}.Release|Any CPU.ActiveCfg = Release|Any CPU
		{E9AAF2B4-423B-46CD-8B6F-C6C382ABCD14}.Release|Any CPU.Build.0 = Release|Any CPU
		{FAC00C2A-CB10-46AB-A523-046D5261727D}.Debug|Any CPU.ActiveCfg = Debug|Any CPU
		{FAC00C2A-CB10-46AB-A523-046D5261727D}.Debug|Any CPU.Build.0 = Debug|Any CPU
		{FAC00C2A-CB10-46AB-A523-046D5261727D}.Release|Any CPU.ActiveCfg = Release|Any CPU
		{FAC00C2A-CB10-46AB-A523-046D5261727D}.Release|Any CPU.Build.0 = Release|Any CPU
		{C88BEB7C-4207-4363-866E-98C3F4CAE1A4}.Debug|Any CPU.ActiveCfg = Debug|Any CPU
		{C88BEB7C-4207-4363-866E-98C3F4CAE1A4}.Debug|Any CPU.Build.0 = Debug|Any CPU
		{C88BEB7C-4207-4363-866E-98C3F4CAE1A4}.Release|Any CPU.ActiveCfg = Release|Any CPU
		{C88BEB7C-4207-4363-866E-98C3F4CAE1A4}.Release|Any CPU.Build.0 = Release|Any CPU
		{23367737-4799-43FB-9186-D25835780DCB}.Debug|Any CPU.ActiveCfg = Debug|Any CPU
		{23367737-4799-43FB-9186-D25835780DCB}.Debug|Any CPU.Build.0 = Debug|Any CPU
		{23367737-4799-43FB-9186-D25835780DCB}.Release|Any CPU.ActiveCfg = Release|Any CPU
		{23367737-4799-43FB-9186-D25835780DCB}.Release|Any CPU.Build.0 = Release|Any CPU
		{938C878B-97E2-4DAF-A9D3-D20DEF2593A0}.Debug|Any CPU.ActiveCfg = Debug|Any CPU
		{938C878B-97E2-4DAF-A9D3-D20DEF2593A0}.Debug|Any CPU.Build.0 = Debug|Any CPU
		{938C878B-97E2-4DAF-A9D3-D20DEF2593A0}.Release|Any CPU.ActiveCfg = Release|Any CPU
		{938C878B-97E2-4DAF-A9D3-D20DEF2593A0}.Release|Any CPU.Build.0 = Release|Any CPU
		{05AB07C6-F981-41E7-92A1-17F79646C826}.Debug|Any CPU.ActiveCfg = Debug|Any CPU
		{05AB07C6-F981-41E7-92A1-17F79646C826}.Debug|Any CPU.Build.0 = Debug|Any CPU
		{05AB07C6-F981-41E7-92A1-17F79646C826}.Release|Any CPU.ActiveCfg = Release|Any CPU
		{05AB07C6-F981-41E7-92A1-17F79646C826}.Release|Any CPU.Build.0 = Release|Any CPU
		{FBBC766E-B8EE-4682-8905-698F17089127}.Debug|Any CPU.ActiveCfg = Debug|Any CPU
		{FBBC766E-B8EE-4682-8905-698F17089127}.Debug|Any CPU.Build.0 = Debug|Any CPU
		{FBBC766E-B8EE-4682-8905-698F17089127}.Release|Any CPU.ActiveCfg = Release|Any CPU
		{FBBC766E-B8EE-4682-8905-698F17089127}.Release|Any CPU.Build.0 = Release|Any CPU
		{9720235C-E36F-4CC4-9552-0F33499E37DB}.Debug|Any CPU.ActiveCfg = Debug|Any CPU
		{9720235C-E36F-4CC4-9552-0F33499E37DB}.Debug|Any CPU.Build.0 = Debug|Any CPU
		{9720235C-E36F-4CC4-9552-0F33499E37DB}.Release|Any CPU.ActiveCfg = Release|Any CPU
		{9720235C-E36F-4CC4-9552-0F33499E37DB}.Release|Any CPU.Build.0 = Release|Any CPU
	EndGlobalSection
	GlobalSection(SolutionProperties) = preSolution
		HideSolutionNode = FALSE
	EndGlobalSection
	GlobalSection(NestedProjects) = preSolution
		{27A5C2FF-340F-41D8-B2BA-E60121194922} = {99F34AC1-DA35-4D0A-875D-DCDD0D7A74D8}
		{02658C02-6473-4F2A-A48E-C8211585DA01} = {99F34AC1-DA35-4D0A-875D-DCDD0D7A74D8}
		{5D27155B-91AC-485C-978E-BD0F76B41F7B} = {99F34AC1-DA35-4D0A-875D-DCDD0D7A74D8}
		{B483B7BA-B1BC-48F5-BDC9-1555FFBA9872} = {99F34AC1-DA35-4D0A-875D-DCDD0D7A74D8}
		{7DCD513B-6B60-495F-B9BA-9D28C54DFC0A} = {9E05D646-18CA-4FCE-9262-F82D7C834D34}
		{14D58E41-ACB7-4A91-AAE0-D7E1DAC06073} = {9E05D646-18CA-4FCE-9262-F82D7C834D34}
		{511739EC-2CB9-4320-AD62-6D5E7DD2FC60} = {9E05D646-18CA-4FCE-9262-F82D7C834D34}
		{0C6A87AA-DC7E-4A3F-AFB3-E42C20B9BCAF} = {9E05D646-18CA-4FCE-9262-F82D7C834D34}
		{464D785F-8182-4777-BD4F-188665079D4A} = {9E05D646-18CA-4FCE-9262-F82D7C834D34}
		{198589AF-4B83-4AE7-81E4-2316DA10ECDA} = {9E05D646-18CA-4FCE-9262-F82D7C834D34}
		{18DF5F90-895E-4571-9DFF-4C4ABEE2112A} = {9E05D646-18CA-4FCE-9262-F82D7C834D34}
		{01815653-1D2F-4818-B246-7A49C46D5B89} = {168B2DCA-4F10-41AA-BA9E-2E6EDA718654}
		{864445C1-1E11-4D38-AB67-E59D8377B0F0} = {168B2DCA-4F10-41AA-BA9E-2E6EDA718654}
		{E9AAF2B4-423B-46CD-8B6F-C6C382ABCD14} = {168B2DCA-4F10-41AA-BA9E-2E6EDA718654}
		{FAC00C2A-CB10-46AB-A523-046D5261727D} = {168B2DCA-4F10-41AA-BA9E-2E6EDA718654}
		{C88BEB7C-4207-4363-866E-98C3F4CAE1A4} = {168B2DCA-4F10-41AA-BA9E-2E6EDA718654}
		{23367737-4799-43FB-9186-D25835780DCB} = {168B2DCA-4F10-41AA-BA9E-2E6EDA718654}
		{938C878B-97E2-4DAF-A9D3-D20DEF2593A0} = {168B2DCA-4F10-41AA-BA9E-2E6EDA718654}
		{05AB07C6-F981-41E7-92A1-17F79646C826} = {168B2DCA-4F10-41AA-BA9E-2E6EDA718654}
		{FBBC766E-B8EE-4682-8905-698F17089127} = {168B2DCA-4F10-41AA-BA9E-2E6EDA718654}
		{9720235C-E36F-4CC4-9552-0F33499E37DB} = {168B2DCA-4F10-41AA-BA9E-2E6EDA718654}
	EndGlobalSection
	GlobalSection(ExtensibilityGlobals) = postSolution
		SolutionGuid = {1589C6FA-EA64-4B66-8FF9-AB966EF6E169}
	EndGlobalSection
EndGlobal
